
Microsoft Visual Studio Solution File, Format Version 12.00
# Visual Studio Version 16
VisualStudioVersion = 16.0.31911.196
MinimumVisualStudioVersion = 10.0.40219.1
Project("{FAE04EC0-301F-11D3-BF4B-00C04F79EFBC}") = "WebApp2", "WebApp2\WebApp2.csproj", "{DC647D36-189E-46F4-8BBA-CC08DA82212E}"
EndProject
Global
	GlobalSection(SolutionConfigurationPlatforms) = preSolution
		Debug|Any CPU = Debug|Any CPU
		Release|Any CPU = Release|Any CPU
	EndGlobalSection
	GlobalSection(ProjectConfigurationPlatforms) = postSolution
		{DC647D36-189E-46F4-8BBA-CC08DA82212E}.Debug|Any CPU.ActiveCfg = Debug|Any CPU
		{DC647D36-189E-46F4-8BBA-CC08DA82212E}.Debug|Any CPU.Build.0 = Debug|Any CPU
		{DC647D36-189E-46F4-8BBA-CC08DA82212E}.Release|Any CPU.ActiveCfg = Release|Any CPU
		{DC647D36-189E-46F4-8BBA-CC08DA82212E}.Release|Any CPU.Build.0 = Release|Any CPU
	EndGlobalSection
	GlobalSection(SolutionProperties) = preSolution
		HideSolutionNode = FALSE
	EndGlobalSection
	GlobalSection(ExtensibilityGlobals) = postSolution
		SolutionGuid = {655B9925-2F04-4DE3-8A47-98D9303A43DC}
	EndGlobalSection
EndGlobal
